
Microsoft Visual Studio Solution File, Format Version 11.00
# Visual Studio 2010
Project("{FAE04EC0-301F-11D3-BF4B-00C04F79EFBC}") = "Assembly-CSharp", "Assembly-CSharp.csproj", "{66A7135D-7185-D762-16A2-61BB66477887}"
EndProject
Project("{FAE04EC0-301F-11D3-BF4B-00C04F79EFBC}") = "Assembly-CSharp-Editor", "Assembly-CSharp-Editor.csproj", "{EA72E139-1C04-6855-88C8-9116D368D86D}"
EndProject
Global
	GlobalSection(SolutionConfigurationPlatforms) = preSolution
		Debug|Any CPU = Debug|Any CPU
		Release|Any CPU = Release|Any CPU
	EndGlobalSection
	GlobalSection(ProjectConfigurationPlatforms) = postSolution
		{66A7135D-7185-D762-16A2-61BB66477887}.Debug|Any CPU.ActiveCfg = Debug|Any CPU
		{66A7135D-7185-D762-16A2-61BB66477887}.Debug|Any CPU.Build.0 = Debug|Any CPU
		{66A7135D-7185-D762-16A2-61BB66477887}.Release|Any CPU.ActiveCfg = Release|Any CPU
		{66A7135D-7185-D762-16A2-61BB66477887}.Release|Any CPU.Build.0 = Release|Any CPU
		{EA72E139-1C04-6855-88C8-9116D368D86D}.Debug|Any CPU.ActiveCfg = Debug|Any CPU
		{EA72E139-1C04-6855-88C8-9116D368D86D}.Debug|Any CPU.Build.0 = Debug|Any CPU
		{EA72E139-1C04-6855-88C8-9116D368D86D}.Release|Any CPU.ActiveCfg = Release|Any CPU
		{EA72E139-1C04-6855-88C8-9116D368D86D}.Release|Any CPU.Build.0 = Release|Any CPU
	EndGlobalSection
	GlobalSection(SolutionProperties) = preSolution
		HideSolutionNode = FALSE
	EndGlobalSection
	GlobalSection(MonoDevelopProperties) = preSolution
		StartupItem = Assembly-CSharp.csproj
	EndGlobalSection
EndGlobal
